cookbook 'silverware', :git => 'git://github.com/infochimps-labs/ironfan-pantry.git', :ref => '4051409ab5af1c496a194e077a461ddb679b0a8d'
cookbook 'volumes', :git => 'git://github.com/infochimps-labs/ironfan-pantry.git', :ref => '4051409ab5af1c496a194e077a461ddb679b0a8d'
cookbook 'xfs', :locked_version => '1.1.0'